
Microsoft Visual Studio Solution File, Format Version 12.00
# Visual Studio Version 17
VisualStudioVersion = 17.14.36717.8 d17.14
MinimumVisualStudioVersion = 10.0.40219.1
Project("{8BC9CEB8-8B4A-11D0-8D11-00A0C91BC942}") = "2025.12.10", "2025.12.10.vcxproj", "{C1EED1AB-E784-44AE-A869-1BDE36293D42}"
EndProject
Global
	GlobalSection(SolutionConfigurationPlatforms) = preSolution
		Debug|x64 = Debug|x64
		Debug|x86 = Debug|x86
		Release|x64 = Release|x64
		Release|x86 = Release|x86
	EndGlobalSection
	GlobalSection(ProjectConfigurationPlatforms) = postSolution
		{C1EED1AB-E784-44AE-A869-1BDE36293D42}.Debug|x64.ActiveCfg = Debug|x64
		{C1EED1AB-E784-44AE-A869-1BDE36293D42}.Debug|x64.Build.0 = Debug|x64
		{C1EED1AB-E784-44AE-A869-1BDE36293D42}.Debug|x86.ActiveCfg = Debug|Win32
		{C1EED1AB-E784-44AE-A869-1BDE36293D42}.Debug|x86.Build.0 = Debug|Win32
		{C1EED1AB-E784-44AE-A869-1BDE36293D42}.Release|x64.ActiveCfg = Release|x64
		{C1EED1AB-E784-44AE-A869-1BDE36293D42}.Release|x64.Build.0 = Release|x64
		{C1EED1AB-E784-44AE-A869-1BDE36293D42}.Release|x86.ActiveCfg = Release|Win32
		{C1EED1AB-E784-44AE-A869-1BDE36293D42}.Release|x86.Build.0 = Release|Win32
	EndGlobalSection
	GlobalSection(SolutionProperties) = preSolution
		HideSolutionNode = FALSE
	EndGlobalSection
	GlobalSection(ExtensibilityGlobals) = postSolution
		SolutionGuid = {DDD8E29B-744E-4F17-BC7D-7D498FF0363D}
	EndGlobalSection
EndGlobal
