<<<<<<< HEAD
﻿
Microsoft Visual Studio Solution File, Format Version 12.00
# Visual Studio Version 17
VisualStudioVersion = 17.14.36518.9 d17.14
MinimumVisualStudioVersion = 10.0.40219.1
Project("{8BC9CEB8-8B4A-11D0-8D11-00A0C91BC942}") = "2025.11.1", "2025.11.1.vcxproj", "{1F245577-2BD7-435C-8808-E6DC7E37706D}"
EndProject
Global
	GlobalSection(SolutionConfigurationPlatforms) = preSolution
		Debug|x64 = Debug|x64
		Debug|x86 = Debug|x86
		Release|x64 = Release|x64
		Release|x86 = Release|x86
	EndGlobalSection
	GlobalSection(ProjectConfigurationPlatforms) = postSolution
		{1F245577-2BD7-435C-8808-E6DC7E37706D}.Debug|x64.ActiveCfg = Debug|x64
		{1F245577-2BD7-435C-8808-E6DC7E37706D}.Debug|x64.Build.0 = Debug|x64
		{1F245577-2BD7-435C-8808-E6DC7E37706D}.Debug|x86.ActiveCfg = Debug|Win32
		{1F245577-2BD7-435C-8808-E6DC7E37706D}.Debug|x86.Build.0 = Debug|Win32
		{1F245577-2BD7-435C-8808-E6DC7E37706D}.Release|x64.ActiveCfg = Release|x64
		{1F245577-2BD7-435C-8808-E6DC7E37706D}.Release|x64.Build.0 = Release|x64
		{1F245577-2BD7-435C-8808-E6DC7E37706D}.Release|x86.ActiveCfg = Release|Win32
		{1F245577-2BD7-435C-8808-E6DC7E37706D}.Release|x86.Build.0 = Release|Win32
	EndGlobalSection
	GlobalSection(SolutionProperties) = preSolution
		HideSolutionNode = FALSE
	EndGlobalSection
	GlobalSection(ExtensibilityGlobals) = postSolution
		SolutionGuid = {69F6A599-9927-42D3-9E70-8ED5AB5C3A82}
	EndGlobalSection
EndGlobal
=======
﻿
Microsoft Visual Studio Solution File, Format Version 12.00
# Visual Studio Version 17
VisualStudioVersion = 17.14.36518.9 d17.14
MinimumVisualStudioVersion = 10.0.40219.1
Project("{8BC9CEB8-8B4A-11D0-8D11-00A0C91BC942}") = "2025.11.1", "2025.11.1.vcxproj", "{1F245577-2BD7-435C-8808-E6DC7E37706D}"
EndProject
Global
	GlobalSection(SolutionConfigurationPlatforms) = preSolution
		Debug|x64 = Debug|x64
		Debug|x86 = Debug|x86
		Release|x64 = Release|x64
		Release|x86 = Release|x86
	EndGlobalSection
	GlobalSection(ProjectConfigurationPlatforms) = postSolution
		{1F245577-2BD7-435C-8808-E6DC7E37706D}.Debug|x64.ActiveCfg = Debug|x64
		{1F245577-2BD7-435C-8808-E6DC7E37706D}.Debug|x64.Build.0 = Debug|x64
		{1F245577-2BD7-435C-8808-E6DC7E37706D}.Debug|x86.ActiveCfg = Debug|Win32
		{1F245577-2BD7-435C-8808-E6DC7E37706D}.Debug|x86.Build.0 = Debug|Win32
		{1F245577-2BD7-435C-8808-E6DC7E37706D}.Release|x64.ActiveCfg = Release|x64
		{1F245577-2BD7-435C-8808-E6DC7E37706D}.Release|x64.Build.0 = Release|x64
		{1F245577-2BD7-435C-8808-E6DC7E37706D}.Release|x86.ActiveCfg = Release|Win32
		{1F245577-2BD7-435C-8808-E6DC7E37706D}.Release|x86.Build.0 = Release|Win32
	EndGlobalSection
	GlobalSection(SolutionProperties) = preSolution
		HideSolutionNode = FALSE
	EndGlobalSection
	GlobalSection(ExtensibilityGlobals) = postSolution
		SolutionGuid = {69F6A599-9927-42D3-9E70-8ED5AB5C3A82}
	EndGlobalSection
EndGlobal
>>>>>>> 9718bd6713f5035c90f34aa7d43275a756630882
